
Microsoft Visual Studio Solution File, Format Version 12.00
# Visual Studio Version 17
VisualStudioVersion = 17.5.33414.496
MinimumVisualStudioVersion = 10.0.40219.1
Project("{FAE04EC0-301F-11D3-BF4B-00C04F79EFBC}") = "tp5", "tp5\tp5.csproj", "{D4FB5ADF-CBA6-44F4-9810-2606D4B96054}"
EndProject
Global
	GlobalSection(SolutionConfigurationPlatforms) = preSolution
		Debug|Any CPU = Debug|Any CPU
		Release|Any CPU = Release|Any CPU
	EndGlobalSection
	GlobalSection(ProjectConfigurationPlatforms) = postSolution
		{D4FB5ADF-CBA6-44F4-9810-2606D4B96054}.Debug|Any CPU.ActiveCfg = Debug|Any CPU
		{D4FB5ADF-CBA6-44F4-9810-2606D4B96054}.Debug|Any CPU.Build.0 = Debug|Any CPU
		{D4FB5ADF-CBA6-44F4-9810-2606D4B96054}.Release|Any CPU.ActiveCfg = Release|Any CPU
		{D4FB5ADF-CBA6-44F4-9810-2606D4B96054}.Release|Any CPU.Build.0 = Release|Any CPU
	EndGlobalSection
	GlobalSection(SolutionProperties) = preSolution
		HideSolutionNode = FALSE
	EndGlobalSection
	GlobalSection(ExtensibilityGlobals) = postSolution
		SolutionGuid = {3B0AF89B-CF69-4EFB-8653-83C7DF33DE19}
	EndGlobalSection
EndGlobal
